// !$*UTF8*$!
{
	archiveVersion = 1;
	classes = {
	};
	objectVersion = 77;
	objects = {

/* Begin PBXBuildFile section */
		B81A51732CFD841D00771929 /* GooglePlaces in Frameworks */ = {isa = PBXBuildFile; productRef = B81A51722CFD841D00771929 /* GooglePlaces */; };
/* End PBXBuildFile section */

/* Begin PBXContainerItemProxy section */
		B81A51452CFD786000771929 /* PBXContainerItemProxy */ = {
			isa = PBXContainerItemProxy;
			containerPortal = B81A512A2CFD785E00771929 /* Project object */;
			proxyType = 1;
			remoteGlobalIDString = B81A51312CFD785E00771929;
			remoteInfo = kb335projectfinal;
		};
		B81A514F2CFD786000771929 /* PBXContainerItemProxy */ = {
			isa = PBXContainerItemProxy;
			containerPortal = B81A512A2CFD785E00771929 /* Project object */;
			proxyType = 1;
			remoteGlobalIDString = B81A51312CFD785E00771929;
			remoteInfo = kb335projectfinal;
		};
/* End PBXContainerItemProxy section */

/* Begin PBXFileReference section */
		B81A51322CFD785E00771929 /* kb335projectfinal.app */ = {isa = PBXFileReference; explicitFileType = wrapper.application; includeInIndex = 0; path = kb335projectfinal.app; sourceTree = BUILT_PRODUCTS_DIR; };
		B81A51442CFD786000771929 /* kb335projectfinalTests.xctest */ = {isa = PBXFileReference; explicitFileType = wrapper.cfbundle; includeInIndex = 0; path = kb335projectfinalTests.xctest; sourceTree = BUILT_PRODUCTS_DIR; };
		B81A514E2CFD786000771929 /* kb335projectfinalUITests.xctest */ = {isa = PBXFileReference; explicitFileType = wrapper.cfbundle; includeInIndex = 0; path = kb335projectfinalUITests.xctest; sourceTree = BUILT_PRODUCTS_DIR; };
/* End PBXFileReference section */

/* Begin PBXFileSystemSynchronizedBuildFileExceptionSet section */
		B81A51752CFD84E900771929 /* Exceptions for "kb335projectfinal" folder in "kb335projectfinal" target */ = {
			isa = PBXFileSystemSynchronizedBuildFileExceptionSet;
			membershipExceptions = (
				Info.plist,
			);
			target = B81A51312CFD785E00771929 /* kb335projectfinal */;
		};
/* End PBXFileSystemSynchronizedBuildFileExceptionSet section */

/* Begin PBXFileSystemSynchronizedRootGroup section */
		B81A51342CFD785E00771929 /* kb335projectfinal */ = {
			isa = PBXFileSystemSynchronizedRootGroup;
			exceptions = (
				B81A51752CFD84E900771929 /* Exceptions for "kb335projectfinal" folder in "kb335projectfinal" target */,
			);
			path = kb335projectfinal;
			sourceTree = "<group>";
		};
		B81A51472CFD786000771929 /* kb335projectfinalTests */ = {
			isa = PBXFileSystemSynchronizedRootGroup;
			path = kb335projectfinalTests;
			sourceTree = "<group>";
		};
		B81A51512CFD786000771929 /* kb335projectfinalUITests */ = {
			isa = PBXFileSystemSynchronizedRootGroup;
			path = kb335projectfinalUITests;
			sourceTree = "<group>";
		};
/* End PBXFileSystemSynchronizedRootGroup section */

/* Begin PBXFrameworksBuildPhase section */
		B81A512F2CFD785E00771929 /* Frameworks */ = {
			isa = PBXFrameworksBuildPhase;
			buildActionMask = 2147483647;
			files = (
				B81A51732CFD841D00771929 /* GooglePlaces in Frameworks */,
			);
			runOnlyForDeploymentPostprocessing = 0;
		};
		B81A51412CFD786000771929 /* Frameworks */ = {
			isa = PBXFrameworksBuildPhase;
			buildActionMask = 2147483647;
			files = (
			);
			runOnlyForDeploymentPostprocessing = 0;
		};
		B81A514B2CFD786000771929 /* Frameworks */ = {
			isa = PBXFrameworksBuildPhase;
			buildActionMask = 2147483647;
			files = (
			);
			runOnlyForDeploymentPostprocessing = 0;
		};
/* End PBXFrameworksBuildPhase section */

/* Begin PBXGroup section */
		B81A51292CFD785E00771929 = {
			isa = PBXGroup;
			children = (
				B81A51342CFD785E00771929 /* kb335projectfinal */,
				B81A51472CFD786000771929 /* kb335projectfinalTests */,
				B81A51512CFD786000771929 /* kb335projectfinalUITests */,
				B81A51712CFD841D00771929 /* Frameworks */,
				B81A51332CFD785E00771929 /* Products */,
			);
			sourceTree = "<group>";
		};
		B81A51332CFD785E00771929 /* Products */ = {
			isa = PBXGroup;
			children = (
				B81A51322CFD785E00771929 /* kb335projectfinal.app */,
				B81A51442CFD786000771929 /* kb335projectfinalTests.xctest */,
				B81A514E2CFD786000771929 /* kb335projectfinalUITests.xctest */,
			);
			name = Products;
			sourceTree = "<group>";
		};
		B81A51712CFD841D00771929 /* Frameworks */ = {
			isa = PBXGroup;
			children = (
			);
			name = Frameworks;
			sourceTree = "<group>";
		};
/* End PBXGroup section */

/* Begin PBXNativeTarget section */
		B81A51312CFD785E00771929 /* kb335projectfinal */ = {
			isa = PBXNativeTarget;
			buildConfigurationList = B81A51582CFD786000771929 /* Build configuration list for PBXNativeTarget "kb335projectfinal" */;
			buildPhases = (
				B81A512E2CFD785E00771929 /* Sources */,
				B81A512F2CFD785E00771929 /* Frameworks */,
				B81A51302CFD785E00771929 /* Resources */,
			);
			buildRules = (
			);
			dependencies = (
			);
			fileSystemSynchronizedGroups = (
				B81A51342CFD785E00771929 /* kb335projectfinal */,
			);
			name = kb335projectfinal;
			packageProductDependencies = (
				B81A51722CFD841D00771929 /* GooglePlaces */,
			);
			productName = kb335projectfinal;
			productReference = B81A51322CFD785E00771929 /* kb335projectfinal.app */;
			productType = "com.apple.product-type.application";
		};
		B81A51432CFD786000771929 /* kb335projectfinalTests */ = {
			isa = PBXNativeTarget;
			buildConfigurationList = B81A515B2CFD786000771929 /* Build configuration list for PBXNativeTarget "kb335projectfinalTests" */;
			buildPhases = (
				B81A51402CFD786000771929 /* Sources */,
				B81A51412CFD786000771929 /* Frameworks */,
				B81A51422CFD786000771929 /* Resources */,
			);
			buildRules = (
			);
			dependencies = (
				B81A51462CFD786000771929 /* PBXTargetDependency */,
			);
			fileSystemSynchronizedGroups = (
				B81A51472CFD786000771929 /* kb335projectfinalTests */,
			);
			name = kb335projectfinalTests;
			packageProductDependencies = (
			);
			productName = kb335projectfinalTests;
			productReference = B81A51442CFD786000771929 /* kb335projectfinalTests.xctest */;
			productType = "com.apple.product-type.bundle.unit-test";
		};
		B81A514D2CFD786000771929 /* kb335projectfinalUITests */ = {
			isa = PBXNativeTarget;
			buildConfigurationList = B81A515E2CFD786000771929 /* Build configuration list for PBXNativeTarget "kb335projectfinalUITests" */;
			buildPhases = (
				B81A514A2CFD786000771929 /* Sources */,
				B81A514B2CFD786000771929 /* Frameworks */,
				B81A514C2CFD786000771929 /* Resources */,
			);
			buildRules = (
			);
			dependencies = (
				B81A51502CFD786000771929 /* PBXTargetDependency */,
			);
			fileSystemSynchronizedGroups = (
				B81A51512CFD786000771929 /* kb335projectfinalUITests */,
			);
			name = kb335projectfinalUITests;
			packageProductDependencies = (
			);
			productName = kb335projectfinalUITests;
			productReference = B81A514E2CFD786000771929 /* kb335projectfinalUITests.xctest */;
			productType = "com.apple.product-type.bundle.ui-testing";
		};
/* End PBXNativeTarget section */

/* Begin PBXProject section */
		B81A512A2CFD785E00771929 /* Project object */ = {
			isa = PBXProject;
			attributes = {
				BuildIndependentTargetsInParallel = 1;
				LastSwiftUpdateCheck = 1610;
				LastUpgradeCheck = 1610;
				TargetAttributes = {
					B81A51312CFD785E00771929 = {
						CreatedOnToolsVersion = 16.1;
					};
					B81A51432CFD786000771929 = {
						CreatedOnToolsVersion = 16.1;
						TestTargetID = B81A51312CFD785E00771929;
					};
					B81A514D2CFD786000771929 = {
						CreatedOnToolsVersion = 16.1;
						TestTargetID = B81A51312CFD785E00771929;
					};
				};
			};
			buildConfigurationList = B81A512D2CFD785E00771929 /* Build configuration list for PBXProject "kb335projectfinal" */;
			developmentRegion = en;
			hasScannedForEncodings = 0;
			knownRegions = (
				en,
				Base,
			);
			mainGroup = B81A51292CFD785E00771929;
			minimizedProjectReferenceProxies = 1;
			packageReferences = (
				B81A51692CFD80FC00771929 /* XCRemoteSwiftPackageReference "ios-places-sdk" */,
			);
			preferredProjectObjectVersion = 77;
			productRefGroup = B81A51332CFD785E00771929 /* Products */;
			projectDirPath = "";
			projectRoot = "";
			targets = (
				B81A51312CFD785E00771929 /* kb335projectfinal */,
				B81A51432CFD786000771929 /* kb335projectfinalTests */,
				B81A514D2CFD786000771929 /* kb335projectfinalUITests */,
			);
		};
/* End PBXProject section */

/* Begin PBXResourcesBuildPhase section */
		B81A51302CFD785E00771929 /* Resources */ = {
			isa = PBXResourcesBuildPhase;
			buildActionMask = 2147483647;
			files = (
			);
			runOnlyForDeploymentPostprocessing = 0;
		};
		B81A51422CFD786000771929 /* Resources */ = {
			isa = PBXResourcesBuildPhase;
			buildActionMask = 2147483647;
			files = (
			);
			runOnlyForDeploymentPostprocessing = 0;
		};
		B81A514C2CFD786000771929 /* Resources */ = {
			isa = PBXResourcesBuildPhase;
			buildActionMask = 2147483647;
			files = (
			);
			runOnlyForDeploymentPostprocessing = 0;
		};
/* End PBXResourcesBuildPhase section */

/* Begin PBXSourcesBuildPhase section */
		B81A512E2CFD785E00771929 /* Sources */ = {
			isa = PBXSourcesBuildPhase;
			buildActionMask = 2147483647;
			files = (
			);
			runOnlyForDeploymentPostprocessing = 0;
		};
		B81A51402CFD786000771929 /* Sources */ = {
			isa = PBXSourcesBuildPhase;
			buildActionMask = 2147483647;
			files = (
			);
			runOnlyForDeploymentPostprocessing = 0;
		};
		B81A514A2CFD786000771929 /* Sources */ = {
			isa = PBXSourcesBuildPhase;
			buildActionMask = 2147483647;
			files = (
			);
			runOnlyForDeploymentPostprocessing = 0;
		};
/* End PBXSourcesBuildPhase section */

/* Begin PBXTargetDependency section */
		B81A51462CFD786000771929 /* PBXTargetDependency */ = {
			isa = PBXTargetDependency;
			target = B81A51312CFD785E00771929 /* kb335projectfinal */;
			targetProxy = B81A51452CFD786000771929 /* PBXContainerItemProxy */;
		};
		B81A51502CFD786000771929 /* PBXTargetDependency */ = {
			isa = PBXTargetDependency;
			target = B81A51312CFD785E00771929 /* kb335projectfinal */;
			targetProxy = B81A514F2CFD786000771929 /* PBXContainerItemProxy */;
		};
/* End PBXTargetDependency section */

/* Begin XCBuildConfiguration section */
		B81A51562CFD786000771929 /* Debug */ = {
			isa = XCBuildConfiguration;
			buildSettings = {
				ALWAYS_SEARCH_USER_PATHS = NO;
				ASSETCATALOG_COMPILER_GENERATE_SWIFT_ASSET_SYMBOL_EXTENSIONS = YES;
				CLANG_ANALYZER_NONNULL = YES;
				CLANG_ANALYZER_NUMBER_OBJECT_CONVERSION = YES_AGGRESSIVE;
				CLANG_CXX_LANGUAGE_STANDARD = "gnu++20";
				CLANG_ENABLE_MODULES = YES;
				CLANG_ENABLE_OBJC_ARC = YES;
				CLANG_ENABLE_OBJC_WEAK = YES;
				CLANG_WARN_BLOCK_CAPTURE_AUTORELEASING = YES;
				CLANG_WARN_BOOL_CONVERSION = YES;
				CLANG_WARN_COMMA = YES;
				CLANG_WARN_CONSTANT_CONVERSION = YES;
				CLANG_WARN_DEPRECATED_OBJC_IMPLEMENTATIONS = YES;
				CLANG_WARN_DIRECT_OBJC_ISA_USAGE = YES_ERROR;
				CLANG_WARN_DOCUMENTATION_COMMENTS = YES;
				CLANG_WARN_EMPTY_BODY = YES;
				CLANG_WARN_ENUM_CONVERSION = YES;
				CLANG_WARN_INFINITE_RECURSION = YES;
				CLANG_WARN_INT_CONVERSION = YES;
				CLANG_WARN_NON_LITERAL_NULL_CONVERSION = YES;
				CLANG_WARN_OBJC_IMPLICIT_RETAIN_SELF = YES;
				CLANG_WARN_OBJC_LITERAL_CONVERSION = YES;
				CLANG_WARN_OBJC_ROOT_CLASS = YES_ERROR;
				CLANG_WARN_QUOTED_INCLUDE_IN_FRAMEWORK_HEADER = YES;
				CLANG_WARN_RANGE_LOOP_ANALYSIS = YES;
				CLANG_WARN_STRICT_PROTOTYPES = YES;
				CLANG_WARN_SUSPICIOUS_MOVE = YES;
				CLANG_WARN_UNGUARDED_AVAILABILITY = YES_AGGRESSIVE;
				CLANG_WARN_UNREACHABLE_CODE = YES;
				CLANG_WARN__DUPLICATE_METHOD_MATCH = YES;
				COPY_PHASE_STRIP = NO;
				DEBUG_INFORMATION_FORMAT = dwarf;
				ENABLE_STRICT_OBJC_MSGSEND = YES;
				ENABLE_TESTABILITY = YES;
				ENABLE_USER_SCRIPT_SANDBOXING = YES;
				GCC_C_LANGUAGE_STANDARD = gnu17;
				GCC_DYNAMIC_NO_PIC = NO;
				GCC_NO_COMMON_BLOCKS = YES;
				GCC_OPTIMIZATION_LEVEL = 0;
				GCC_PREPROCESSOR_DEFINITIONS = (
					"DEBUG=1",
					"$(inherited)",
				);
				GCC_WARN_64_TO_32_BIT_CONVERSION = YES;
				GCC_WARN_ABOUT_RETURN_TYPE = YES_ERROR;
				GCC_WARN_UNDECLARED_SELECTOR = YES;
				GCC_WARN_UNINITIALIZED_AUTOS = YES_AGGRESSIVE;
				GCC_WARN_UNUSED_FUNCTION = YES;
				GCC_WARN_UNUSED_VARIABLE = YES;
				IPHONEOS_DEPLOYMENT_TARGET = 18.1;
				LOCALIZATION_PREFERS_STRING_CATALOGS = YES;
				MTL_ENABLE_DEBUG_INFO = INCLUDE_SOURCE;
				MTL_FAST_MATH = YES;
				ONLY_ACTIVE_ARCH = YES;
				SDKROOT = iphoneos;
				SWIFT_ACTIVE_COMPILATION_CONDITIONS = "DEBUG $(inherited)";
				SWIFT_OPTIMIZATION_LEVEL = "-Onone";
			};
			name = Debug;
		};
		B81A51572CFD786000771929 /* Release */ = {
			isa = XCBuildConfiguration;
			buildSettings = {
				ALWAYS_SEARCH_USER_PATHS = NO;
				ASSETCATALOG_COMPILER_GENERATE_SWIFT_ASSET_SYMBOL_EXTENSIONS = YES;
				CLANG_ANALYZER_NONNULL = YES;
				CLANG_ANALYZER_NUMBER_OBJECT_CONVERSION = YES_AGGRESSIVE;
				CLANG_CXX_LANGUAGE_STANDARD = "gnu++20";
				CLANG_ENABLE_MODULES = YES;
				CLANG_ENABLE_OBJC_ARC = YES;
				CLANG_ENABLE_OBJC_WEAK = YES;
				CLANG_WARN_BLOCK_CAPTURE_AUTORELEASING = YES;
				CLANG_WARN_BOOL_CONVERSION = YES;
				CLANG_WARN_COMMA = YES;
				CLANG_WARN_CONSTANT_CONVERSION = YES;
				CLANG_WARN_DEPRECATED_OBJC_IMPLEMENTATIONS = YES;
				CLANG_WARN_DIRECT_OBJC_ISA_USAGE = YES_ERROR;
				CLANG_WARN_DOCUMENTATION_COMMENTS = YES;
				CLANG_WARN_EMPTY_BODY = YES;
				CLANG_WARN_ENUM_CONVERSION = YES;
				CLANG_WARN_INFINITE_RECURSION = YES;
				CLANG_WARN_INT_CONVERSION = YES;
				CLANG_WARN_NON_LITERAL_NULL_CONVERSION = YES;
				CLANG_WARN_OBJC_IMPLICIT_RETAIN_SELF = YES;
				CLANG_WARN_OBJC_LITERAL_CONVERSION = YES;
				CLANG_WARN_OBJC_ROOT_CLASS = YES_ERROR;
				CLANG_WARN_QUOTED_INCLUDE_IN_FRAMEWORK_HEADER = YES;
				CLANG_WARN_RANGE_LOOP_ANALYSIS = YES;
				CLANG_WARN_STRICT_PROTOTYPES = YES;
				CLANG_WARN_SUSPICIOUS_MOVE = YES;
				CLANG_WARN_UNGUARDED_AVAILABILITY = YES_AGGRESSIVE;
				CLANG_WARN_UNREACHABLE_CODE = YES;
				CLANG_WARN__DUPLICATE_METHOD_MATCH = YES;
				COPY_PHASE_STRIP = NO;
				DEBUG_INFORMATION_FORMAT = "dwarf-with-dsym";
				ENABLE_NS_ASSERTIONS = NO;
				ENABLE_STRICT_OBJC_MSGSEND = YES;
				ENABLE_USER_SCRIPT_SANDBOXING = YES;
				GCC_C_LANGUAGE_STANDARD = gnu17;
				GCC_NO_COMMON_BLOCKS = YES;
				GCC_WARN_64_TO_32_BIT_CONVERSION = YES;
				GCC_WARN_ABOUT_RETURN_TYPE = YES_ERROR;
				GCC_WARN_UNDECLARED_SELECTOR = YES;
				GCC_WARN_UNINITIALIZED_AUTOS = YES_AGGRESSIVE;
				GCC_WARN_UNUSED_FUNCTION = YES;
				GCC_WARN_UNUSED_VARIABLE = YES;
				IPHONEOS_DEPLOYMENT_TARGET = 18.1;
				LOCALIZATION_PREFERS_STRING_CATALOGS = YES;
				MTL_ENABLE_DEBUG_INFO = NO;
				MTL_FAST_MATH = YES;
				SDKROOT = iphoneos;
				SWIFT_COMPILATION_MODE = wholemodule;
				VALIDATE_PRODUCT = YES;
			};
			name = Release;
		};
		B81A51592CFD786000771929 /* Debug */ = {
			isa = XCBuildConfiguration;
			buildSettings = {
				ASSETCATALOG_COMPILER_APPICON_NAME = AppIcon;
				ASSETCATALOG_COMPILER_GLOBAL_ACCENT_COLOR_NAME = AccentColor;
				CODE_SIGN_STYLE = Automatic;
				CURRENT_PROJECT_VERSION = 1;
				DEVELOPMENT_ASSET_PATHS = "\"kb335projectfinal/Preview Content\"";
				ENABLE_PREVIEWS = YES;
				GENERATE_INFOPLIST_FILE = YES;
				INFOPLIST_FILE = kb335projectfinal/Info.plist;
				INFOPLIST_KEY_UIApplicationSceneManifest_Generation = YES;
				INFOPLIST_KEY_UIApplicationSupportsIndirectInputEvents = YES;
				INFOPLIST_KEY_UILaunchScreen_Generation = YES;
				INFOPLIST_KEY_UISupportedInterfaceOrientations_iPad = "UIInterfaceOrientationPortrait UIInterfaceOrientationPortraitUpsideDown UIInterfaceOrientationLandscapeLeft UIInterfaceOrientationLandscapeRight";
				INFOPLIST_KEY_UISupportedInterfaceOrientations_iPhone = "UIInterfaceOrientationPortrait UIInterfaceOrientationLandscapeLeft UIInterfaceOrientationLandscapeRight";
				LD_RUNPATH_SEARCH_PATHS = (
					"$(inherited)",
					"@executable_path/Frameworks",
				);
				MARKETING_VERSION = 1.0;
				PRODUCT_BUNDLE_IDENTIFIER = asu.kb335projectfinal;
				PRODUCT_NAME = "$(TARGET_NAME)";
				SWIFT_EMIT_LOC_STRINGS = YES;
				SWIFT_VERSION = 5.0;
				TARGETED_DEVICE_FAMILY = "1,2";
			};
			name = Debug;
		};
		B81A515A2CFD786000771929 /* Release */ = {
			isa = XCBuildConfiguration;
			buildSettings = {
				ASSETCATALOG_COMPILER_APPICON_NAME = AppIcon;
				ASSETCATALOG_COMPILER_GLOBAL_ACCENT_COLOR_NAME = AccentColor;
				CODE_SIGN_STYLE = Automatic;
				CURRENT_PROJECT_VERSION = 1;
				DEVELOPMENT_ASSET_PATHS = "\"kb335projectfinal/Preview Content\"";
				ENABLE_PREVIEWS = YES;
				GENERATE_INFOPLIST_FILE = YES;
				INFOPLIST_FILE = kb335projectfinal/Info.plist;
				INFOPLIST_KEY_UIApplicationSceneManifest_Generation = YES;
				INFOPLIST_KEY_UIApplicationSupportsIndirectInputEvents = YES;
				INFOPLIST_KEY_UILaunchScreen_Generation = YES;
				INFOPLIST_KEY_UISupportedInterfaceOrientations_iPad = "UIInterfaceOrientationPortrait UIInterfaceOrientationPortraitUpsideDown UIInterfaceOrientationLandscapeLeft UIInterfaceOrientationLandscapeRight";
				INFOPLIST_KEY_UISupportedInterfaceOrientations_iPhone = "UIInterfaceOrientationPortrait UIInterfaceOrientationLandscapeLeft UIInterfaceOrientationLandscapeRight";
				LD_RUNPATH_SEARCH_PATHS = (
					"$(inherited)",
					"@executable_path/Frameworks",
				);
				MARKETING_VERSION = 1.0;
				PRODUCT_BUNDLE_IDENTIFIER = asu.kb335projectfinal;
				PRODUCT_NAME = "$(TARGET_NAME)";
				SWIFT_EMIT_LOC_STRINGS = YES;
				SWIFT_VERSION = 5.0;
				TARGETED_DEVICE_FAMILY = "1,2";
			};
			name = Release;
		};
		B81A515C2CFD786000771929 /* Debug */ = {
			isa = XCBuildConfiguration;
			buildSettings = {
				BUNDLE_LOADER = "$(TEST_HOST)";
				CODE_SIGN_STYLE = Automatic;
				CURRENT_PROJECT_VERSION = 1;
				GENERATE_INFOPLIST_FILE = YES;
				IPHONEOS_DEPLOYMENT_TARGET = 18.1;
				MARKETING_VERSION = 1.0;
				PRODUCT_BUNDLE_IDENTIFIER = asu.kb335projectfinalTests;
				PRODUCT_NAME = "$(TARGET_NAME)";
				SWIFT_EMIT_LOC_STRINGS = NO;
				SWIFT_VERSION = 5.0;
				TARGETED_DEVICE_FAMILY = "1,2";
				TEST_HOST = "$(BUILT_PRODUCTS_DIR)/kb335projectfinal.app/$(BUNDLE_EXECUTABLE_FOLDER_PATH)/kb335projectfinal";
			};
			name = Debug;
		};
		B81A515D2CFD786000771929 /* Release */ = {
			isa = XCBuildConfiguration;
			buildSettings = {
				BUNDLE_LOADER = "$(TEST_HOST)";
				CODE_SIGN_STYLE = Automatic;
				CURRENT_PROJECT_VERSION = 1;
				GENERATE_INFOPLIST_FILE = YES;
				IPHONEOS_DEPLOYMENT_TARGET = 18.1;
				MARKETING_VERSION = 1.0;
				PRODUCT_BUNDLE_IDENTIFIER = asu.kb335projectfinalTests;
				PRODUCT_NAME = "$(TARGET_NAME)";
				SWIFT_EMIT_LOC_STRINGS = NO;
				SWIFT_VERSION = 5.0;
				TARGETED_DEVICE_FAMILY = "1,2";
				TEST_HOST = "$(BUILT_PRODUCTS_DIR)/kb335projectfinal.app/$(BUNDLE_EXECUTABLE_FOLDER_PATH)/kb335projectfinal";
			};
			name = Release;
		};
		B81A515F2CFD786000771929 /* Debug */ = {
			isa = XCBuildConfiguration;
			buildSettings = {
				CODE_SIGN_STYLE = Automatic;
				CURRENT_PROJECT_VERSION = 1;
				GENERATE_INFOPLIST_FILE = YES;
				MARKETING_VERSION = 1.0;
				PRODUCT_BUNDLE_IDENTIFIER = asu.kb335projectfinalUITests;
				PRODUCT_NAME = "$(TARGET_NAME)";
				SWIFT_EMIT_LOC_STRINGS = NO;
				SWIFT_VERSION = 5.0;
				TARGETED_DEVICE_FAMILY = "1,2";
				TEST_TARGET_NAME = kb335projectfinal;
			};
			name = Debug;
		};
		B81A51602CFD786000771929 /* Release */ = {
			isa = XCBuildConfiguration;
			buildSettings = {
				CODE_SIGN_STYLE = Automatic;
				CURRENT_PROJECT_VERSION = 1;
				GENERATE_INFOPLIST_FILE = YES;
				MARKETING_VERSION = 1.0;
				PRODUCT_BUNDLE_IDENTIFIER = asu.kb335projectfinalUITests;
				PRODUCT_NAME = "$(TARGET_NAME)";
				SWIFT_EMIT_LOC_STRINGS = NO;
				SWIFT_VERSION = 5.0;
				TARGETED_DEVICE_FAMILY = "1,2";
				TEST_TARGET_NAME = kb335projectfinal;
			};
			name = Release;
		};
/* End XCBuildConfiguration section */

/* Begin XCConfigurationList section */
		B81A512D2CFD785E00771929 /* Build configuration list for PBXProject "kb335projectfinal" */ = {
			isa = XCConfigurationList;
			buildConfigurations = (
				B81A51562CFD786000771929 /* Debug */,
				B81A51572CFD786000771929 /* Release */,
			);
			defaultConfigurationIsVisible = 0;
			defaultConfigurationName = Release;
		};
		B81A51582CFD786000771929 /* Build configuration list for PBXNativeTarget "kb335projectfinal" */ = {
			isa = XCConfigurationList;
			buildConfigurations = (
				B81A51592CFD786000771929 /* Debug */,
				B81A515A2CFD786000771929 /* Release */,
			);
			defaultConfigurationIsVisible = 0;
			defaultConfigurationName = Release;
		};
		B81A515B2CFD786000771929 /* Build configuration list for PBXNativeTarget "kb335projectfinalTests" */ = {
			isa = XCConfigurationList;
			buildConfigurations = (
				B81A515C2CFD786000771929 /* Debug */,
				B81A515D2CFD786000771929 /* Release */,
			);
			defaultConfigurationIsVisible = 0;
			defaultConfigurationName = Release;
		};
		B81A515E2CFD786000771929 /* Build configuration list for PBXNativeTarget "kb335projectfinalUITests" */ = {
			isa = XCConfigurationList;
			buildConfigurations = (
				B81A515F2CFD786000771929 /* Debug */,
				B81A51602CFD786000771929 /* Release */,
			);
			defaultConfigurationIsVisible = 0;
			defaultConfigurationName = Release;
		};
/* End XCConfigurationList section */

/* Begin XCRemoteSwiftPackageReference section */
		B81A51692CFD80FC00771929 /* XCRemoteSwiftPackageReference "ios-places-sdk" */ = {
			isa = XCRemoteSwiftPackageReference;
			repositoryURL = "https://github.com/googlemaps/ios-places-sdk";
			requirement = {
				kind = upToNextMajorVersion;
				minimumVersion = 9.2.0;
			};
		};
/* End XCRemoteSwiftPackageReference section */

/* Begin XCSwiftPackageProductDependency section */
		B81A51722CFD841D00771929 /* GooglePlaces */ = {
			isa = XCSwiftPackageProductDependency;
			package = B81A51692CFD80FC00771929 /* XCRemoteSwiftPackageReference "ios-places-sdk" */;
			productName = GooglePlaces;
		};
/* End XCSwiftPackageProductDependency section */
	};
	rootObject = B81A512A2CFD785E00771929 /* Project object */;
}
